// !$*UTF8*$!
{
	archiveVersion = 1;
	classes = {
	};
	objectVersion = 46;
	objects = {

/* Begin PBXBuildFile section */
		70BBDBA71C6EC79500503564 /* AppDelegate.swift in Sources */ = {isa = PBXBuildFile; fileRef = 70BBDBA61C6EC79500503564 /* AppDelegate.swift */; };
		70BBDBA91C6EC79500503564 /* ViewController.swift in Sources */ = {isa = PBXBuildFile; fileRef = 70BBDBA81C6EC79500503564 /* ViewController.swift */; };
		70BBDBAC1C6EC79500503564 /* Main.storyboard in Resources */ = {isa = PBXBuildFile; fileRef = 70BBDBAA1C6EC79500503564 /* Main.storyboard */; };
		70BBDBAE1C6EC79500503564 /* Assets.xcassets in Resources */ = {isa = PBXBuildFile; fileRef = 70BBDBAD1C6EC79500503564 /* Assets.xcassets */; };
		70BBDBB11C6EC79500503564 /* LaunchScreen.storyboard in Resources */ = {isa = PBXBuildFile; fileRef = 70BBDBAF1C6EC79500503564 /* LaunchScreen.storyboard */; };
/* End PBXBuildFile section */

/* Begin PBXFileReference section */
		70BBDBA31C6EC79500503564 /* Pokedex.app */ = {isa = PBXFileReference; explicitFileType = wrapper.application; includeInIndex = 0; path = Pokedex.app; sourceTree = BUILT_PRODUCTS_DIR; };
		70BBDBA61C6EC79500503564 /* AppDelegate.swift */ = {isa = PBXFileReference; lastKnownFileType = sourcecode.swift; path = AppDelegate.swift; sourceTree = "<group>"; };
		70BBDBA81C6EC79500503564 /* ViewController.swift */ = {isa = PBXFileReference; lastKnownFileType = sourcecode.swift; path = ViewController.swift; sourceTree = "<group>"; };
		70BBDBAB1C6EC79500503564 /* Base */ = {isa = PBXFileReference; lastKnownFileType = file.storyboard; name = Base; path = Base.lproj/Main.storyboard; sourceTree = "<group>"; };
		70BBDBAD1C6EC79500503564 /* Assets.xcassets */ = {isa = PBXFileReference; lastKnownFileType = folder.assetcatalog; path = Assets.xcassets; sourceTree = "<group>"; };
		70BBDBB01C6EC79500503564 /* Base */ = {isa = PBXFileReference; lastKnownFileType = file.storyboard; name = Base; path = Base.lproj/LaunchScreen.storyboard; sourceTree = "<group>"; };
		70BBDBB21C6EC79500503564 /* Info.plist */ = {isa = PBXFileReference; lastKnownFileType = text.plist.xml; path = Info.plist; sourceTree = "<group>"; };
/* End PBXFileReference section */

/* Begin PBXFrameworksBuildPhase section */
		70BBDBA01C6EC79500503564 /* Frameworks */ = {
			isa = PBXFrameworksBuildPhase;
			buildActionMask = 2147483647;
			files = (
			);
			runOnlyForDeploymentPostprocessing = 0;
		};
/* End PBXFrameworksBuildPhase section */

/* Begin PBXGroup section */
		70BBDB9A1C6EC79500503564 = {
			isa = PBXGroup;
			children = (
				70BBDBA51C6EC79500503564 /* Pokedex */,
				70BBDBA41C6EC79500503564 /* Products */,
			);
			sourceTree = "<group>";
		};
		70BBDBA41C6EC79500503564 /* Products */ = {
			isa = PBXGroup;
			children = (
				70BBDBA31C6EC79500503564 /* Pokedex.app */,
			);
			name = Products;
			sourceTree = "<group>";
		};
		70BBDBA51C6EC79500503564 /* Pokedex */ = {
			isa = PBXGroup;
			children = (
				70BBDBA61C6EC79500503564 /* AppDelegate.swift */,
				70BBDBA81C6EC79500503564 /* ViewController.swift */,
				70BBDBAA1C6EC79500503564 /* Main.storyboard */,
				70BBDBAD1C6EC79500503564 /* Assets.xcassets */,
				70BBDBAF1C6EC79500503564 /* LaunchScreen.storyboard */,
				70BBDBB21C6EC79500503564 /* Info.plist */,
			);
			path = Pokedex;
			sourceTree = "<group>";
		};
/* End PBXGroup section */

/* Begin PBXNativeTarget section */
		70BBDBA21C6EC79500503564 /* Pokedex */ = {
			isa = PBXNativeTarget;
			buildConfigurationList = 70BBDBB51C6EC79500503564 /* Build configuration list for PBXNativeTarget "Pokedex" */;
			buildPhases = (
				70BBDB9F1C6EC79500503564 /* Sources */,
				70BBDBA01C6EC79500503564 /* Frameworks */,
				70BBDBA11C6EC79500503564 /* Resources */,
			);
			buildRules = (
			);
			dependencies = (
			);
			name = Pokedex;
			productName = Pokedex;
			productReference = 70BBDBA31C6EC79500503564 /* Pokedex.app */;
			productType = "com.apple.product-type.application";
		};
/* End PBXNativeTarget section */

/* Begin PBXProject section */
		70BBDB9B1C6EC79500503564 /* Project object */ = {
			isa = PBXProject;
			attributes = {
				LastSwiftUpdateCheck = 0720;
				LastUpgradeCheck = 0720;
				ORGANIZATIONNAME = DLAINEZM;
				TargetAttributes = {
					70BBDBA21C6EC79500503564 = {
						CreatedOnToolsVersion = 7.2.1;
						DevelopmentTeam = TUR489ZN94;
					};
				};
			};
			buildConfigurationList = 70BBDB9E1C6EC79500503564 /* Build configuration list for PBXProject "Pokedex" */;
			compatibilityVersion = "Xcode 3.2";
			developmentRegion = English;
			hasScannedForEncodings = 0;
			knownRegions = (
				en,
				Base,
			);
			mainGroup = 70BBDB9A1C6EC79500503564;
			productRefGroup = 70BBDBA41C6EC79500503564 /* Products */;
			projectDirPath = "";
			projectRoot = "";
			targets = (
				70BBDBA21C6EC79500503564 /* Pokedex */,
			);
		};
/* End PBXProject section */

/* Begin PBXResourcesBuildPhase section */
		70BBDBA11C6EC79500503564 /* Resources */ = {
			isa = PBXResourcesBuildPhase;
			buildActionMask = 2147483647;
			files = (
				70BBDBB11C6EC79500503564 /* LaunchScreen.storyboard in Resources */,
				70BBDBAE1C6EC79500503564 /* Assets.xcassets in Resources */,
				70BBDBAC1C6EC79500503564 /* Main.storyboard in Resources */,
			);
			runOnlyForDeploymentPostprocessing = 0;
		};
/* End PBXResourcesBuildPhase section */

/* Begin PBXSourcesBuildPhase section */
		70BBDB9F1C6EC79500503564 /* Sources */ = {
			isa = PBXSourcesBuildPhase;
			buildActionMask = 2147483647;
			files = (
				70BBDBA91C6EC79500503564 /* ViewController.swift in Sources */,
				70BBDBA71C6EC79500503564 /* AppDelegate.swift in Sources */,
			);
			runOnlyForDeploymentPostprocessing = 0;
		};
/* End PBXSourcesBuildPhase section */

/* Begin PBXVariantGroup section */
		70BBDBAA1C6EC79500503564 /* Main.storyboard */ = {
			isa = PBXVariantGroup;
			children = (
				70BBDBAB1C6EC79500503564 /* Base */,
			);
			name = Main.storyboard;
			sourceTree = "<group>";
		};
		70BBDBAF1C6EC79500503564 /* LaunchScreen.storyboard */ = {
			isa = PBXVariantGroup;
			children = (
				70BBDBB01C6EC79500503564 /* Base */,
			);
			name = LaunchScreen.storyboard;
			sourceTree = "<group>";
		};
/* End PBXVariantGroup section */

/* Begin XCBuildConfiguration section */
		70BBDBB31C6EC79500503564 /* Debug */ = {
			isa = XCBuildConfiguration;
			buildSettings = {
				ALWAYS_SEARCH_USER_PATHS = NO;
				CLANG_CXX_LANGUAGE_STANDARD = "gnu++0x";
				CLANG_CXX_LIBRARY = "libc++";
				CLANG_ENABLE_MODULES = YES;
				CLANG_ENABLE_OBJC_ARC = YES;
				CLANG_WARN_BOOL_CONVERSION = YES;
				CLANG_WARN_CONSTANT_CONVERSION = YES;
				CLANG_WARN_DIRECT_OBJC_ISA_USAGE = YES_ERROR;
				CLANG_WARN_EMPTY_BODY = YES;
				CLANG_WARN_ENUM_CONVERSION = YES;
				CLANG_WARN_INT_CONVERSION = YES;
				CLANG_WARN_OBJC_ROOT_CLASS = YES_ERROR;
				CLANG_WARN_UNREACHABLE_CODE = YES;
				CLANG_WARN__DUPLICATE_METHOD_MATCH = YES;
				"CODE_SIGN_IDENTITY[sdk=iphoneos*]" = "iPhone Developer";
				COPY_PHASE_STRIP = NO;
				DEBUG_INFORMATION_FORMAT = dwarf;
				ENABLE_STRICT_OBJC_MSGSEND = YES;
				ENABLE_TESTABILITY = YES;
				GCC_C_LANGUAGE_STANDARD = gnu99;
				GCC_DYNAMIC_NO_PIC = NO;
				GCC_NO_COMMON_BLOCKS = YES;
				GCC_OPTIMIZATION_LEVEL = 0;
				GCC_PREPROCESSOR_DEFINITIONS = (
					"DEBUG=1",
					"$(inherited)",
				);
				GCC_WARN_64_TO_32_BIT_CONVERSION = YES;
				GCC_WARN_ABOUT_RETURN_TYPE = YES_ERROR;
				GCC_WARN_UNDECLARED_SELECTOR = YES;
				GCC_WARN_UNINITIALIZED_AUTOS = YES_AGGRESSIVE;
				GCC_WARN_UNUSED_FUNCTION = YES;
				GCC_WARN_UNUSED_VARIABLE = YES;
				IPHONEOS_DEPLOYMENT_TARGET = 9.2;
				MTL_ENABLE_DEBUG_INFO = YES;
				ONLY_ACTIVE_ARCH = YES;
				SDKROOT = iphoneos;
				SWIFT_OPTIMIZATION_LEVEL = "-Onone";
				TARGETED_DEVICE_FAMILY = "1,2";
			};
			name = Debug;
		};
		70BBDBB41C6EC79500503564 /* Release */ = {
			isa = XCBuildConfiguration;
			buildSettings = {
				ALWAYS_SEARCH_USER_PATHS = NO;
				CLANG_CXX_LANGUAGE_STANDARD = "gnu++0x";
				CLANG_CXX_LIBRARY = "libc++";
				CLANG_ENABLE_MODULES = YES;
				CLANG_ENABLE_OBJC_ARC = YES;
				CLANG_WARN_BOOL_CONVERSION = YES;
				CLANG_WARN_CONSTANT_CONVERSION = YES;
				CLANG_WARN_DIRECT_OBJC_ISA_USAGE = YES_ERROR;
				CLANG_WARN_EMPTY_BODY = YES;
				CLANG_WARN_ENUM_CONVERSION = YES;
				CLANG_WARN_INT_CONVERSION = YES;
				CLANG_WARN_OBJC_ROOT_CLASS = YES_ERROR;
				CLANG_WARN_UNREACHABLE_CODE = YES;
				CLANG_WARN__DUPLICATE_METHOD_MATCH = YES;
				"CODE_SIGN_IDENTITY[sdk=iphoneos*]" = "iPhone Developer";
				COPY_PHASE_STRIP = NO;
				DEBUG_INFORMATION_FORMAT = "dwarf-with-dsym";
				ENABLE_NS_ASSERTIONS = NO;
				ENABLE_STRICT_OBJC_MSGSEND = YES;
				GCC_C_LANGUAGE_STANDARD = gnu99;
				GCC_NO_COMMON_BLOCKS = YES;
				GCC_WARN_64_TO_32_BIT_CONVERSION = YES;
				GCC_WARN_ABOUT_RETURN_TYPE = YES_ERROR;
				GCC_WARN_UNDECLARED_SELECTOR = YES;
				GCC_WARN_UNINITIALIZED_AUTOS = YES_AGGRESSIVE;
				GCC_WARN_UNUSED_FUNCTION = YES;
				GCC_WARN_UNUSED_VARIABLE = YES;
				IPHONEOS_DEPLOYMENT_TARGET = 9.2;
				MTL_ENABLE_DEBUG_INFO = NO;
				SDKROOT = iphoneos;
				TARGETED_DEVICE_FAMILY = "1,2";
				VALIDATE_PRODUCT = YES;
			};
			name = Release;
		};
		70BBDBB61C6EC79500503564 /* Debug */ = {
			isa = XCBuildConfiguration;
			buildSettings = {
				ASSETCATALOG_COMPILER_APPICON_NAME = AppIcon;
				INFOPLIST_FILE = Pokedex/Info.plist;
				LD_RUNPATH_SEARCH_PATHS = "$(inherited) @executable_path/Frameworks";
				PRODUCT_BUNDLE_IDENTIFIER = DAVADA.Pokedex;
				PRODUCT_NAME = "$(TARGET_NAME)";
			};
			name = Debug;
		};
		70BBDBB71C6EC79500503564 /* Release */ = {
			isa = XCBuildConfiguration;
			buildSettings = {
				ASSETCATALOG_COMPILER_APPICON_NAME = AppIcon;
				INFOPLIST_FILE = Pokedex/Info.plist;
				LD_RUNPATH_SEARCH_PATHS = "$(inherited) @executable_path/Frameworks";
				PRODUCT_BUNDLE_IDENTIFIER = DAVADA.Pokedex;
				PRODUCT_NAME = "$(TARGET_NAME)";
			};
			name = Release;
		};
/* End XCBuildConfiguration section */

/* Begin XCConfigurationList section */
		70BBDB9E1C6EC79500503564 /* Build configuration list for PBXProject "Pokedex" */ = {
			isa = XCConfigurationList;
			buildConfigurations = (
				70BBDBB31C6EC79500503564 /* Debug */,
				70BBDBB41C6EC79500503564 /* Release */,
			);
			defaultConfigurationIsVisible = 0;
			defaultConfigurationName = Release;
		};
		70BBDBB51C6EC79500503564 /* Build configuration list for PBXNativeTarget "Pokedex" */ = {
			isa = XCConfigurationList;
			buildConfigurations = (
				70BBDBB61C6EC79500503564 /* Debug */,
				70BBDBB71C6EC79500503564 /* Release */,
			);
			defaultConfigurationIsVisible = 0;
		};
/* End XCConfigurationList section */
	};
	rootObject = 70BBDB9B1C6EC79500503564 /* Project object */;
}
